
Microsoft Visual Studio Solution File, Format Version 12.00
# Visual Studio Version 17
VisualStudioVersion = 17.6.33815.320
MinimumVisualStudioVersion = 10.0.40219.1
Project("{9A19103F-16F7-4668-BE54-9A1E7A4F7556}") = "TalentLMSClient.UI", "TalentLMSClient.UI\TalentLMSClient.UI.csproj", "{03557C67-7A93-4582-A94D-D3B4A729BEA4}"
EndProject
Project("{9A19103F-16F7-4668-BE54-9A1E7A4F7556}") = "TalentLMSClient.Application", "TalentLMSClient.Application\TalentLMSClient.Application.csproj", "{C8A9DD9A-E3AB-4028-8649-D1D1B41D3A82}"
EndProject
Project("{9A19103F-16F7-4668-BE54-9A1E7A4F7556}") = "TalentLMSClient.Domain", "TalentLMSClient.Domain\TalentLMSClient.Domain.csproj", "{4D31921E-406A-4A9E-A471-AD73F050A282}"
EndProject
Project("{9A19103F-16F7-4668-BE54-9A1E7A4F7556}") = "TalentLMSClient.Infrastructure", "TalentLMSClient.Infrastructure\TalentLMSClient.Infrastructure.csproj", "{B1535413-DAD9-4DEB-B29F-F3F46487CEC0}"
EndProject
Project("{9A19103F-16F7-4668-BE54-9A1E7A4F7556}") = "TalentLMSClient.Infrastructure.Tests", "TalentLMSClient.Infrastructure.Tests\TalentLMSClient.Infrastructure.Tests.csproj", "{923891BB-B584-438B-809D-4BB7E4469E3B}"
EndProject
Project("{FAE04EC0-301F-11D3-BF4B-00C04F79EFBC}") = "TalentLMSClient.UI.Tests", "TalentLMSClient.UI.Tests\TalentLMSClient.UI.Tests.csproj", "{1019E03E-4A29-40C7-BFD5-A8F34332BD50}"
EndProject
Global
	GlobalSection(SolutionConfigurationPlatforms) = preSolution
		Debug|Any CPU = Debug|Any CPU
		Release|Any CPU = Release|Any CPU
	EndGlobalSection
	GlobalSection(ProjectConfigurationPlatforms) = postSolution
		{03557C67-7A93-4582-A94D-D3B4A729BEA4}.Debug|Any CPU.ActiveCfg = Debug|Any CPU
		{03557C67-7A93-4582-A94D-D3B4A729BEA4}.Debug|Any CPU.Build.0 = Debug|Any CPU
		{03557C67-7A93-4582-A94D-D3B4A729BEA4}.Release|Any CPU.ActiveCfg = Release|Any CPU
		{03557C67-7A93-4582-A94D-D3B4A729BEA4}.Release|Any CPU.Build.0 = Release|Any CPU
		{C8A9DD9A-E3AB-4028-8649-D1D1B41D3A82}.Debug|Any CPU.ActiveCfg = Debug|Any CPU
		{C8A9DD9A-E3AB-4028-8649-D1D1B41D3A82}.Debug|Any CPU.Build.0 = Debug|Any CPU
		{C8A9DD9A-E3AB-4028-8649-D1D1B41D3A82}.Release|Any CPU.ActiveCfg = Release|Any CPU
		{C8A9DD9A-E3AB-4028-8649-D1D1B41D3A82}.Release|Any CPU.Build.0 = Release|Any CPU
		{4D31921E-406A-4A9E-A471-AD73F050A282}.Debug|Any CPU.ActiveCfg = Debug|Any CPU
		{4D31921E-406A-4A9E-A471-AD73F050A282}.Debug|Any CPU.Build.0 = Debug|Any CPU
		{4D31921E-406A-4A9E-A471-AD73F050A282}.Release|Any CPU.ActiveCfg = Release|Any CPU
		{4D31921E-406A-4A9E-A471-AD73F050A282}.Release|Any CPU.Build.0 = Release|Any CPU
		{B1535413-DAD9-4DEB-B29F-F3F46487CEC0}.Debug|Any CPU.ActiveCfg = Debug|Any CPU
		{B1535413-DAD9-4DEB-B29F-F3F46487CEC0}.Debug|Any CPU.Build.0 = Debug|Any CPU
		{B1535413-DAD9-4DEB-B29F-F3F46487CEC0}.Release|Any CPU.ActiveCfg = Release|Any CPU
		{B1535413-DAD9-4DEB-B29F-F3F46487CEC0}.Release|Any CPU.Build.0 = Release|Any CPU
		{923891BB-B584-438B-809D-4BB7E4469E3B}.Debug|Any CPU.ActiveCfg = Debug|Any CPU
		{923891BB-B584-438B-809D-4BB7E4469E3B}.Debug|Any CPU.Build.0 = Debug|Any CPU
		{923891BB-B584-438B-809D-4BB7E4469E3B}.Release|Any CPU.ActiveCfg = Release|Any CPU
		{923891BB-B584-438B-809D-4BB7E4469E3B}.Release|Any CPU.Build.0 = Release|Any CPU
		{1019E03E-4A29-40C7-BFD5-A8F34332BD50}.Debug|Any CPU.ActiveCfg = Debug|Any CPU
		{1019E03E-4A29-40C7-BFD5-A8F34332BD50}.Debug|Any CPU.Build.0 = Debug|Any CPU
		{1019E03E-4A29-40C7-BFD5-A8F34332BD50}.Release|Any CPU.ActiveCfg = Release|Any CPU
		{1019E03E-4A29-40C7-BFD5-A8F34332BD50}.Release|Any CPU.Build.0 = Release|Any CPU
	EndGlobalSection
	GlobalSection(SolutionProperties) = preSolution
		HideSolutionNode = FALSE
	EndGlobalSection
	GlobalSection(ExtensibilityGlobals) = postSolution
		SolutionGuid = {DCCBCF7A-19D2-49F1-820E-3B16FC3E8C2F}
	EndGlobalSection
EndGlobal
